
Microsoft Visual Studio Solution File, Format Version 12.00
# Visual Studio Version 16
VisualStudioVersion = 16.0.29306.81
MinimumVisualStudioVersion = 10.0.40219.1
Project("{FAE04EC0-301F-11D3-BF4B-00C04F79EFBC}") = "SynoDuplicateFolders", "SynoDuplicateFolders\SynoDuplicateFolders.csproj", "{777C592F-ED17-409D-ACE9-39BB3E0BF1F8}"
EndProject
Project("{FAE04EC0-301F-11D3-BF4B-00C04F79EFBC}") = "SynoDuplicateFolders.Test", "SynoDuplicateFolders.Test\SynoDuplicateFolders.Test.csproj", "{9FC9C6FF-1A17-4246-BCF2-FFFEEB7DB0AB}"
EndProject
Project("{D954291E-2A0B-460D-934E-DC6B0785DB48}") = "SynoDuplicateFolders.Data", "SynoDuplicateFolders.Data\SynoDuplicateFolders.Data.shproj", "{8DBB19B7-D498-4A45-BE77-116A77757A7C}"
EndProject
Project("{D954291E-2A0B-460D-934E-DC6B0785DB48}") = "SynoDuplicateFolders.Data.Core", "SynoDuplicateFolders.Data.Core\SynoDuplicateFolders.Data.Core.shproj", "{E94F4D58-2989-4579-B405-0EE2C290767F}"
EndProject
Project("{D954291E-2A0B-460D-934E-DC6B0785DB48}") = "SynoDuplicateFolders.Controls", "SynoDuplicateFolders.Controls\SynoDuplicateFolders.Controls.shproj", "{057D8E56-F3FA-453E-9B2A-55A73EC8D09C}"
EndProject
Project("{54435603-DBB4-11D2-8724-00A0C9A8B90C}") = "SynoDuplicateFolders.Setup", "SynoDuplicateFolders.Setup\SynoDuplicateFolders.Setup.vdproj", "{3AB7D688-77E8-4DFB-87C7-ADD952BEAAF4}"
EndProject
Project("{D954291E-2A0B-460D-934E-DC6B0785DB48}") = "DiskStationManager.SecureShell", "..\DiskStationManager.SecureShell\source\DiskStationManager.SecureShell\DiskStationManager.SecureShell.shproj", "{6B164EFA-FB82-425C-A692-2C8EE1876582}"
EndProject
Project("{D954291E-2A0B-460D-934E-DC6B0785DB48}") = "Extensions", "..\DiskStationManager.SecureShell\source\Extensions\Extensions.shproj", "{787DFD81-CE59-48E5-886F-7D7F5269F548}"
EndProject
Global
	GlobalSection(SharedMSBuildProjectFiles) = preSolution
		SynoDuplicateFolders.Controls\SynoDuplicateFolders.Controls.projitems*{057d8e56-f3fa-453e-9b2a-55a73ec8d09c}*SharedItemsImports = 13
		..\DiskStationManager.SecureShell\source\DiskStationManager.SecureShell\DiskStationManager.SecureShell.projitems*{6b164efa-fb82-425c-a692-2c8ee1876582}*SharedItemsImports = 13
		..\DiskStationManager.SecureShell\source\DiskStationManager.SecureShell\DiskStationManager.SecureShell.projitems*{777c592f-ed17-409d-ace9-39bb3e0bf1f8}*SharedItemsImports = 4
		..\DiskStationManager.SecureShell\source\Extensions\Extensions.projitems*{777c592f-ed17-409d-ace9-39bb3e0bf1f8}*SharedItemsImports = 4
		SynoDuplicateFolders.Controls\SynoDuplicateFolders.Controls.projitems*{777c592f-ed17-409d-ace9-39bb3e0bf1f8}*SharedItemsImports = 4
		SynoDuplicateFolders.Data.Core\SynoDuplicateFolders.Data.Core.projitems*{777c592f-ed17-409d-ace9-39bb3e0bf1f8}*SharedItemsImports = 4
		SynoDuplicateFolders.Data\SynoDuplicateFolders.Data.projitems*{777c592f-ed17-409d-ace9-39bb3e0bf1f8}*SharedItemsImports = 4
		..\DiskStationManager.SecureShell\source\Extensions\Extensions.projitems*{787dfd81-ce59-48e5-886f-7d7f5269f548}*SharedItemsImports = 13
		SynoDuplicateFolders.Data\SynoDuplicateFolders.Data.projitems*{8dbb19b7-d498-4a45-be77-116a77757a7c}*SharedItemsImports = 13
		SynoDuplicateFolders.Data.Core\SynoDuplicateFolders.Data.Core.projitems*{e94f4d58-2989-4579-b405-0ee2c290767f}*SharedItemsImports = 13
	EndGlobalSection
	GlobalSection(SolutionConfigurationPlatforms) = preSolution
		Debug|Any CPU = Debug|Any CPU
		Debug|Mixed Platforms = Debug|Mixed Platforms
		Debug|x86 = Debug|x86
		Release|Any CPU = Release|Any CPU
		Release|Mixed Platforms = Release|Mixed Platforms
		Release|x86 = Release|x86
	EndGlobalSection
	GlobalSection(ProjectConfigurationPlatforms) = postSolution
		{777C592F-ED17-409D-ACE9-39BB3E0BF1F8}.Debug|Any CPU.ActiveCfg = Debug|x86
		{777C592F-ED17-409D-ACE9-39BB3E0BF1F8}.Debug|Any CPU.Build.0 = Debug|x86
		{777C592F-ED17-409D-ACE9-39BB3E0BF1F8}.Debug|Mixed Platforms.ActiveCfg = Debug|x86
		{777C592F-ED17-409D-ACE9-39BB3E0BF1F8}.Debug|Mixed Platforms.Build.0 = Debug|x86
		{777C592F-ED17-409D-ACE9-39BB3E0BF1F8}.Debug|x86.ActiveCfg = Debug|x86
		{777C592F-ED17-409D-ACE9-39BB3E0BF1F8}.Debug|x86.Build.0 = Debug|x86
		{777C592F-ED17-409D-ACE9-39BB3E0BF1F8}.Release|Any CPU.ActiveCfg = Release|x86
		{777C592F-ED17-409D-ACE9-39BB3E0BF1F8}.Release|Any CPU.Build.0 = Release|x86
		{777C592F-ED17-409D-ACE9-39BB3E0BF1F8}.Release|Mixed Platforms.ActiveCfg = Release|x86
		{777C592F-ED17-409D-ACE9-39BB3E0BF1F8}.Release|Mixed Platforms.Build.0 = Release|x86
		{777C592F-ED17-409D-ACE9-39BB3E0BF1F8}.Release|x86.ActiveCfg = Release|x86
		{777C592F-ED17-409D-ACE9-39BB3E0BF1F8}.Release|x86.Build.0 = Release|x86
		{9FC9C6FF-1A17-4246-BCF2-FFFEEB7DB0AB}.Debug|Any CPU.ActiveCfg = Debug|Any CPU
		{9FC9C6FF-1A17-4246-BCF2-FFFEEB7DB0AB}.Debug|Any CPU.Build.0 = Debug|Any CPU
		{9FC9C6FF-1A17-4246-BCF2-FFFEEB7DB0AB}.Debug|Mixed Platforms.ActiveCfg = Debug|Any CPU
		{9FC9C6FF-1A17-4246-BCF2-FFFEEB7DB0AB}.Debug|Mixed Platforms.Build.0 = Debug|Any CPU
		{9FC9C6FF-1A17-4246-BCF2-FFFEEB7DB0AB}.Debug|x86.ActiveCfg = Debug|Any CPU
		{9FC9C6FF-1A17-4246-BCF2-FFFEEB7DB0AB}.Debug|x86.Build.0 = Debug|Any CPU
		{9FC9C6FF-1A17-4246-BCF2-FFFEEB7DB0AB}.Release|Any CPU.ActiveCfg = Release|Any CPU
		{9FC9C6FF-1A17-4246-BCF2-FFFEEB7DB0AB}.Release|Any CPU.Build.0 = Release|Any CPU
		{9FC9C6FF-1A17-4246-BCF2-FFFEEB7DB0AB}.Release|Mixed Platforms.ActiveCfg = Release|Any CPU
		{9FC9C6FF-1A17-4246-BCF2-FFFEEB7DB0AB}.Release|Mixed Platforms.Build.0 = Release|Any CPU
		{9FC9C6FF-1A17-4246-BCF2-FFFEEB7DB0AB}.Release|x86.ActiveCfg = Release|Any CPU
		{9FC9C6FF-1A17-4246-BCF2-FFFEEB7DB0AB}.Release|x86.Build.0 = Release|Any CPU
		{3AB7D688-77E8-4DFB-87C7-ADD952BEAAF4}.Debug|Any CPU.ActiveCfg = Debug
		{3AB7D688-77E8-4DFB-87C7-ADD952BEAAF4}.Debug|Mixed Platforms.ActiveCfg = Debug
		{3AB7D688-77E8-4DFB-87C7-ADD952BEAAF4}.Debug|x86.ActiveCfg = Debug
		{3AB7D688-77E8-4DFB-87C7-ADD952BEAAF4}.Release|Any CPU.ActiveCfg = Release
		{3AB7D688-77E8-4DFB-87C7-ADD952BEAAF4}.Release|Mixed Platforms.ActiveCfg = Release
		{3AB7D688-77E8-4DFB-87C7-ADD952BEAAF4}.Release|x86.ActiveCfg = Release
	EndGlobalSection
	GlobalSection(SolutionProperties) = preSolution
		HideSolutionNode = FALSE
	EndGlobalSection
	GlobalSection(ExtensibilityGlobals) = postSolution
		SolutionGuid = {99FA6330-B7D3-4587-8F0A-DF7DD2D0BEE5}
	EndGlobalSection
EndGlobal
